
Microsoft Visual Studio Solution File, Format Version 12.00
# Visual Studio Version 16
VisualStudioVersion = 25.0.1706.6
MinimumVisualStudioVersion = 10.0.40219.1
Project("{FAE04EC0-301F-11D3-BF4B-00C04F79EFBC}") = "WebCalculator", "WebCalculator\WebCalculator.csproj", "{72741A3D-12C9-4804-811F-3833F795574F}"
EndProject
Global
	GlobalSection(SolutionConfigurationPlatforms) = preSolution
		Debug|Any CPU = Debug|Any CPU
		Release|Any CPU = Release|Any CPU
	EndGlobalSection
	GlobalSection(ProjectConfigurationPlatforms) = postSolution
		{72741A3D-12C9-4804-811F-3833F795574F}.Debug|Any CPU.ActiveCfg = Debug|Any CPU
		{72741A3D-12C9-4804-811F-3833F795574F}.Debug|Any CPU.Build.0 = Debug|Any CPU
		{72741A3D-12C9-4804-811F-3833F795574F}.Release|Any CPU.ActiveCfg = Release|Any CPU
		{72741A3D-12C9-4804-811F-3833F795574F}.Release|Any CPU.Build.0 = Release|Any CPU
	EndGlobalSection
	GlobalSection(SolutionProperties) = preSolution
		HideSolutionNode = FALSE
	EndGlobalSection
	GlobalSection(ExtensibilityGlobals) = postSolution
		SolutionGuid = {8E089F87-C6B0-48FF-9F4E-4F6E609B88C4}
	EndGlobalSection
EndGlobal
